// !$*UTF8*$!
{
	archiveVersion = 1;
	classes = {
	};
	objectVersion = 46;
	objects = {

/* Begin PBXBuildFile section */
		923F99071D91718200D3B787 /* AppDelegate.swift in Sources */ = {isa = PBXBuildFile; fileRef = 923F99061D91718200D3B787 /* AppDelegate.swift */; };
		923F99091D91718200D3B787 /* ViewController.swift in Sources */ = {isa = PBXBuildFile; fileRef = 923F99081D91718200D3B787 /* ViewController.swift */; };
		923F990C1D91718200D3B787 /* Main.storyboard in Resources */ = {isa = PBXBuildFile; fileRef = 923F990A1D91718200D3B787 /* Main.storyboard */; };
		923F990E1D91718200D3B787 /* Assets.xcassets in Resources */ = {isa = PBXBuildFile; fileRef = 923F990D1D91718200D3B787 /* Assets.xcassets */; };
		923F99111D91718200D3B787 /* LaunchScreen.storyboard in Resources */ = {isa = PBXBuildFile; fileRef = 923F990F1D91718200D3B787 /* LaunchScreen.storyboard */; };
		923F991C1D91718200D3B787 /* ___Tests.swift in Sources */ = {isa = PBXBuildFile; fileRef = 923F991B1D91718200D3B787 /* ___Tests.swift */; };
		923F99271D91718300D3B787 /* ___UITests.swift in Sources */ = {isa = PBXBuildFile; fileRef = 923F99261D91718300D3B787 /* ___UITests.swift */; };
		923F99351D91719B00D3B787 /* DemoLabel.swift in Sources */ = {isa = PBXBuildFile; fileRef = 923F99341D91719B00D3B787 /* DemoLabel.swift */; };
/* End PBXBuildFile section */

/* Begin PBXContainerItemProxy section */
		923F99181D91718200D3B787 /* PBXContainerItemProxy */ = {
			isa = PBXContainerItemProxy;
			containerPortal = 923F98FB1D91718200D3B787 /* Project object */;
			proxyType = 1;
			remoteGlobalIDString = 923F99021D91718200D3B787;
			remoteInfo = "懒加载";
		};
		923F99231D91718300D3B787 /* PBXContainerItemProxy */ = {
			isa = PBXContainerItemProxy;
			containerPortal = 923F98FB1D91718200D3B787 /* Project object */;
			proxyType = 1;
			remoteGlobalIDString = 923F99021D91718200D3B787;
			remoteInfo = "懒加载";
		};
/* End PBXContainerItemProxy section */

/* Begin PBXFileReference section */
		923F99031D91718200D3B787 /* 懒加载.app */ = {isa = PBXFileReference; explicitFileType = wrapper.application; includeInIndex = 0; path = "懒加载.app"; sourceTree = BUILT_PRODUCTS_DIR; };
		923F99061D91718200D3B787 /* AppDelegate.swift */ = {isa = PBXFileReference; lastKnownFileType = sourcecode.swift; path = AppDelegate.swift; sourceTree = "<group>"; };
		923F99081D91718200D3B787 /* ViewController.swift */ = {isa = PBXFileReference; lastKnownFileType = sourcecode.swift; path = ViewController.swift; sourceTree = "<group>"; };
		923F990B1D91718200D3B787 /* Base */ = {isa = PBXFileReference; lastKnownFileType = file.storyboard; name = Base; path = Base.lproj/Main.storyboard; sourceTree = "<group>"; };
		923F990D1D91718200D3B787 /* Assets.xcassets */ = {isa = PBXFileReference; lastKnownFileType = folder.assetcatalog; path = Assets.xcassets; sourceTree = "<group>"; };
		923F99101D91718200D3B787 /* Base */ = {isa = PBXFileReference; lastKnownFileType = file.storyboard; name = Base; path = Base.lproj/LaunchScreen.storyboard; sourceTree = "<group>"; };
		923F99121D91718200D3B787 /* Info.plist */ = {isa = PBXFileReference; lastKnownFileType = text.plist.xml; path = Info.plist; sourceTree = "<group>"; };
		923F99171D91718200D3B787 /* 懒加载Tests.xctest */ = {isa = PBXFileReference; explicitFileType = wrapper.cfbundle; includeInIndex = 0; path = "懒加载Tests.xctest"; sourceTree = BUILT_PRODUCTS_DIR; };
		923F991B1D91718200D3B787 /* ___Tests.swift */ = {isa = PBXFileReference; lastKnownFileType = sourcecode.swift; path = "___Tests.swift"; sourceTree = "<group>"; };
		923F991D1D91718300D3B787 /* Info.plist */ = {isa = PBXFileReference; lastKnownFileType = text.plist.xml; path = Info.plist; sourceTree = "<group>"; };
		923F99221D91718300D3B787 /* 懒加载UITests.xctest */ = {isa = PBXFileReference; explicitFileType = wrapper.cfbundle; includeInIndex = 0; path = "懒加载UITests.xctest"; sourceTree = BUILT_PRODUCTS_DIR; };
		923F99261D91718300D3B787 /* ___UITests.swift */ = {isa = PBXFileReference; lastKnownFileType = sourcecode.swift; path = "___UITests.swift"; sourceTree = "<group>"; };
		923F99281D91718300D3B787 /* Info.plist */ = {isa = PBXFileReference; lastKnownFileType = text.plist.xml; path = Info.plist; sourceTree = "<group>"; };
		923F99341D91719B00D3B787 /* DemoLabel.swift */ = {isa = PBXFileReference; fileEncoding = 4; lastKnownFileType = sourcecode.swift; path = DemoLabel.swift; sourceTree = "<group>"; };
/* End PBXFileReference section */

/* Begin PBXFrameworksBuildPhase section */
		923F99001D91718200D3B787 /* Frameworks */ = {
			isa = PBXFrameworksBuildPhase;
			buildActionMask = 2147483647;
			files = (
			);
			runOnlyForDeploymentPostprocessing = 0;
		};
		923F99141D91718200D3B787 /* Frameworks */ = {
			isa = PBXFrameworksBuildPhase;
			buildActionMask = 2147483647;
			files = (
			);
			runOnlyForDeploymentPostprocessing = 0;
		};
		923F991F1D91718300D3B787 /* Frameworks */ = {
			isa = PBXFrameworksBuildPhase;
			buildActionMask = 2147483647;
			files = (
			);
			runOnlyForDeploymentPostprocessing = 0;
		};
/* End PBXFrameworksBuildPhase section */

/* Begin PBXGroup section */
		923F98FA1D91718200D3B787 = {
			isa = PBXGroup;
			children = (
				923F99051D91718200D3B787 /* 懒加载 */,
				923F991A1D91718200D3B787 /* 懒加载Tests */,
				923F99251D91718300D3B787 /* 懒加载UITests */,
				923F99041D91718200D3B787 /* Products */,
			);
			sourceTree = "<group>";
		};
		923F99041D91718200D3B787 /* Products */ = {
			isa = PBXGroup;
			children = (
				923F99031D91718200D3B787 /* 懒加载.app */,
				923F99171D91718200D3B787 /* 懒加载Tests.xctest */,
				923F99221D91718300D3B787 /* 懒加载UITests.xctest */,
			);
			name = Products;
			sourceTree = "<group>";
		};
		923F99051D91718200D3B787 /* 懒加载 */ = {
			isa = PBXGroup;
			children = (
				923F99061D91718200D3B787 /* AppDelegate.swift */,
				923F99081D91718200D3B787 /* ViewController.swift */,
				923F99341D91719B00D3B787 /* DemoLabel.swift */,
				923F990A1D91718200D3B787 /* Main.storyboard */,
				923F990D1D91718200D3B787 /* Assets.xcassets */,
				923F990F1D91718200D3B787 /* LaunchScreen.storyboard */,
				923F99121D91718200D3B787 /* Info.plist */,
			);
			path = "懒加载";
			sourceTree = "<group>";
		};
		923F991A1D91718200D3B787 /* 懒加载Tests */ = {
			isa = PBXGroup;
			children = (
				923F991B1D91718200D3B787 /* ___Tests.swift */,
				923F991D1D91718300D3B787 /* Info.plist */,
			);
			path = "懒加载Tests";
			sourceTree = "<group>";
		};
		923F99251D91718300D3B787 /* 懒加载UITests */ = {
			isa = PBXGroup;
			children = (
				923F99261D91718300D3B787 /* ___UITests.swift */,
				923F99281D91718300D3B787 /* Info.plist */,
			);
			path = "懒加载UITests";
			sourceTree = "<group>";
		};
/* End PBXGroup section */

/* Begin PBXNativeTarget section */
		923F99021D91718200D3B787 /* 懒加载 */ = {
			isa = PBXNativeTarget;
			buildConfigurationList = 923F992B1D91718300D3B787 /* Build configuration list for PBXNativeTarget "懒加载" */;
			buildPhases = (
				923F98FF1D91718200D3B787 /* Sources */,
				923F99001D91718200D3B787 /* Frameworks */,
				923F99011D91718200D3B787 /* Resources */,
			);
			buildRules = (
			);
			dependencies = (
			);
			name = "懒加载";
			productName = "懒加载";
			productReference = 923F99031D91718200D3B787 /* 懒加载.app */;
			productType = "com.apple.product-type.application";
		};
		923F99161D91718200D3B787 /* 懒加载Tests */ = {
			isa = PBXNativeTarget;
			buildConfigurationList = 923F992E1D91718300D3B787 /* Build configuration list for PBXNativeTarget "懒加载Tests" */;
			buildPhases = (
				923F99131D91718200D3B787 /* Sources */,
				923F99141D91718200D3B787 /* Frameworks */,
				923F99151D91718200D3B787 /* Resources */,
			);
			buildRules = (
			);
			dependencies = (
				923F99191D91718200D3B787 /* PBXTargetDependency */,
			);
			name = "懒加载Tests";
			productName = "懒加载Tests";
			productReference = 923F99171D91718200D3B787 /* 懒加载Tests.xctest */;
			productType = "com.apple.product-type.bundle.unit-test";
		};
		923F99211D91718300D3B787 /* 懒加载UITests */ = {
			isa = PBXNativeTarget;
			buildConfigurationList = 923F99311D91718300D3B787 /* Build configuration list for PBXNativeTarget "懒加载UITests" */;
			buildPhases = (
				923F991E1D91718300D3B787 /* Sources */,
				923F991F1D91718300D3B787 /* Frameworks */,
				923F99201D91718300D3B787 /* Resources */,
			);
			buildRules = (
			);
			dependencies = (
				923F99241D91718300D3B787 /* PBXTargetDependency */,
			);
			name = "懒加载UITests";
			productName = "懒加载UITests";
			productReference = 923F99221D91718300D3B787 /* 懒加载UITests.xctest */;
			productType = "com.apple.product-type.bundle.ui-testing";
		};
/* End PBXNativeTarget section */

/* Begin PBXProject section */
		923F98FB1D91718200D3B787 /* Project object */ = {
			isa = PBXProject;
			attributes = {
				LastSwiftUpdateCheck = 0800;
				LastUpgradeCheck = 0800;
				ORGANIZATIONNAME = "张丁豪";
				TargetAttributes = {
					923F99021D91718200D3B787 = {
						CreatedOnToolsVersion = 8.0;
						DevelopmentTeam = PRKPCBLSYK;
						ProvisioningStyle = Automatic;
					};
					923F99161D91718200D3B787 = {
						CreatedOnToolsVersion = 8.0;
						DevelopmentTeam = PRKPCBLSYK;
						ProvisioningStyle = Automatic;
						TestTargetID = 923F99021D91718200D3B787;
					};
					923F99211D91718300D3B787 = {
						CreatedOnToolsVersion = 8.0;
						DevelopmentTeam = PRKPCBLSYK;
						ProvisioningStyle = Automatic;
						TestTargetID = 923F99021D91718200D3B787;
					};
				};
			};
			buildConfigurationList = 923F98FE1D91718200D3B787 /* Build configuration list for PBXProject "懒加载" */;
			compatibilityVersion = "Xcode 3.2";
			developmentRegion = English;
			hasScannedForEncodings = 0;
			knownRegions = (
				en,
				Base,
			);
			mainGroup = 923F98FA1D91718200D3B787;
			productRefGroup = 923F99041D91718200D3B787 /* Products */;
			projectDirPath = "";
			projectRoot = "";
			targets = (
				923F99021D91718200D3B787 /* 懒加载 */,
				923F99161D91718200D3B787 /* 懒加载Tests */,
				923F99211D91718300D3B787 /* 懒加载UITests */,
			);
		};
/* End PBXProject section */

/* Begin PBXResourcesBuildPhase section */
		923F99011D91718200D3B787 /* Resources */ = {
			isa = PBXResourcesBuildPhase;
			buildActionMask = 2147483647;
			files = (
				923F99111D91718200D3B787 /* LaunchScreen.storyboard in Resources */,
				923F990E1D91718200D3B787 /* Assets.xcassets in Resources */,
				923F990C1D91718200D3B787 /* Main.storyboard in Resources */,
			);
			runOnlyForDeploymentPostprocessing = 0;
		};
		923F99151D91718200D3B787 /* Resources */ = {
			isa = PBXResourcesBuildPhase;
			buildActionMask = 2147483647;
			files = (
			);
			runOnlyForDeploymentPostprocessing = 0;
		};
		923F99201D91718300D3B787 /* Resources */ = {
			isa = PBXResourcesBuildPhase;
			buildActionMask = 2147483647;
			files = (
			);
			runOnlyForDeploymentPostprocessing = 0;
		};
/* End PBXResourcesBuildPhase section */

/* Begin PBXSourcesBuildPhase section */
		923F98FF1D91718200D3B787 /* Sources */ = {
			isa = PBXSourcesBuildPhase;
			buildActionMask = 2147483647;
			files = (
				923F99091D91718200D3B787 /* ViewController.swift in Sources */,
				923F99071D91718200D3B787 /* AppDelegate.swift in Sources */,
				923F99351D91719B00D3B787 /* DemoLabel.swift in Sources */,
			);
			runOnlyForDeploymentPostprocessing = 0;
		};
		923F99131D91718200D3B787 /* Sources */ = {
			isa = PBXSourcesBuildPhase;
			buildActionMask = 2147483647;
			files = (
				923F991C1D91718200D3B787 /* ___Tests.swift in Sources */,
			);
			runOnlyForDeploymentPostprocessing = 0;
		};
		923F991E1D91718300D3B787 /* Sources */ = {
			isa = PBXSourcesBuildPhase;
			buildActionMask = 2147483647;
			files = (
				923F99271D91718300D3B787 /* ___UITests.swift in Sources */,
			);
			runOnlyForDeploymentPostprocessing = 0;
		};
/* End PBXSourcesBuildPhase section */

/* Begin PBXTargetDependency section */
		923F99191D91718200D3B787 /* PBXTargetDependency */ = {
			isa = PBXTargetDependency;
			target = 923F99021D91718200D3B787 /* 懒加载 */;
			targetProxy = 923F99181D91718200D3B787 /* PBXContainerItemProxy */;
		};
		923F99241D91718300D3B787 /* PBXTargetDependency */ = {
			isa = PBXTargetDependency;
			target = 923F99021D91718200D3B787 /* 懒加载 */;
			targetProxy = 923F99231D91718300D3B787 /* PBXContainerItemProxy */;
		};
/* End PBXTargetDependency section */

/* Begin PBXVariantGroup section */
		923F990A1D91718200D3B787 /* Main.storyboard */ = {
			isa = PBXVariantGroup;
			children = (
				923F990B1D91718200D3B787 /* Base */,
			);
			name = Main.storyboard;
			sourceTree = "<group>";
		};
		923F990F1D91718200D3B787 /* LaunchScreen.storyboard */ = {
			isa = PBXVariantGroup;
			children = (
				923F99101D91718200D3B787 /* Base */,
			);
			name = LaunchScreen.storyboard;
			sourceTree = "<group>";
		};
/* End PBXVariantGroup section */

/* Begin XCBuildConfiguration section */
		923F99291D91718300D3B787 /* Debug */ = {
			isa = XCBuildConfiguration;
			buildSettings = {
				ALWAYS_SEARCH_USER_PATHS = NO;
				CLANG_ANALYZER_NONNULL = YES;
				CLANG_CXX_LANGUAGE_STANDARD = "gnu++0x";
				CLANG_CXX_LIBRARY = "libc++";
				CLANG_ENABLE_MODULES = YES;
				CLANG_ENABLE_OBJC_ARC = YES;
				CLANG_WARN_BOOL_CONVERSION = YES;
				CLANG_WARN_CONSTANT_CONVERSION = YES;
				CLANG_WARN_DIRECT_OBJC_ISA_USAGE = YES_ERROR;
				CLANG_WARN_DOCUMENTATION_COMMENTS = YES;
				CLANG_WARN_EMPTY_BODY = YES;
				CLANG_WARN_ENUM_CONVERSION = YES;
				CLANG_WARN_INFINITE_RECURSION = YES;
				CLANG_WARN_INT_CONVERSION = YES;
				CLANG_WARN_OBJC_ROOT_CLASS = YES_ERROR;
				CLANG_WARN_SUSPICIOUS_MOVES = YES;
				CLANG_WARN_UNREACHABLE_CODE = YES;
				CLANG_WARN__DUPLICATE_METHOD_MATCH = YES;
				"CODE_SIGN_IDENTITY[sdk=iphoneos*]" = "iPhone Developer";
				COPY_PHASE_STRIP = NO;
				DEBUG_INFORMATION_FORMAT = dwarf;
				ENABLE_STRICT_OBJC_MSGSEND = YES;
				ENABLE_TESTABILITY = YES;
				GCC_C_LANGUAGE_STANDARD = gnu99;
				GCC_DYNAMIC_NO_PIC = NO;
				GCC_NO_COMMON_BLOCKS = YES;
				GCC_OPTIMIZATION_LEVEL = 0;
				GCC_PREPROCESSOR_DEFINITIONS = (
					"DEBUG=1",
					"$(inherited)",
				);
				GCC_WARN_64_TO_32_BIT_CONVERSION = YES;
				GCC_WARN_ABOUT_RETURN_TYPE = YES_ERROR;
				GCC_WARN_UNDECLARED_SELECTOR = YES;
				GCC_WARN_UNINITIALIZED_AUTOS = YES_AGGRESSIVE;
				GCC_WARN_UNUSED_FUNCTION = YES;
				GCC_WARN_UNUSED_VARIABLE = YES;
				IPHONEOS_DEPLOYMENT_TARGET = 10.0;
				MTL_ENABLE_DEBUG_INFO = YES;
				ONLY_ACTIVE_ARCH = YES;
				SDKROOT = iphoneos;
				SWIFT_ACTIVE_COMPILATION_CONDITIONS = DEBUG;
				SWIFT_OPTIMIZATION_LEVEL = "-Onone";
			};
			name = Debug;
		};
		923F992A1D91718300D3B787 /* Release */ = {
			isa = XCBuildConfiguration;
			buildSettings = {
				ALWAYS_SEARCH_USER_PATHS = NO;
				CLANG_ANALYZER_NONNULL = YES;
				CLANG_CXX_LANGUAGE_STANDARD = "gnu++0x";
				CLANG_CXX_LIBRARY = "libc++";
				CLANG_ENABLE_MODULES = YES;
				CLANG_ENABLE_OBJC_ARC = YES;
				CLANG_WARN_BOOL_CONVERSION = YES;
				CLANG_WARN_CONSTANT_CONVERSION = YES;
				CLANG_WARN_DIRECT_OBJC_ISA_USAGE = YES_ERROR;
				CLANG_WARN_DOCUMENTATION_COMMENTS = YES;
				CLANG_WARN_EMPTY_BODY = YES;
				CLANG_WARN_ENUM_CONVERSION = YES;
				CLANG_WARN_INFINITE_RECURSION = YES;
				CLANG_WARN_INT_CONVERSION = YES;
				CLANG_WARN_OBJC_ROOT_CLASS = YES_ERROR;
				CLANG_WARN_SUSPICIOUS_MOVES = YES;
				CLANG_WARN_UNREACHABLE_CODE = YES;
				CLANG_WARN__DUPLICATE_METHOD_MATCH = YES;
				"CODE_SIGN_IDENTITY[sdk=iphoneos*]" = "iPhone Developer";
				COPY_PHASE_STRIP = NO;
				DEBUG_INFORMATION_FORMAT = "dwarf-with-dsym";
				ENABLE_NS_ASSERTIONS = NO;
				ENABLE_STRICT_OBJC_MSGSEND = YES;
				GCC_C_LANGUAGE_STANDARD = gnu99;
				GCC_NO_COMMON_BLOCKS = YES;
				GCC_WARN_64_TO_32_BIT_CONVERSION = YES;
				GCC_WARN_ABOUT_RETURN_TYPE = YES_ERROR;
				GCC_WARN_UNDECLARED_SELECTOR = YES;
				GCC_WARN_UNINITIALIZED_AUTOS = YES_AGGRESSIVE;
				GCC_WARN_UNUSED_FUNCTION = YES;
				GCC_WARN_UNUSED_VARIABLE = YES;
				IPHONEOS_DEPLOYMENT_TARGET = 10.0;
				MTL_ENABLE_DEBUG_INFO = NO;
				SDKROOT = iphoneos;
				SWIFT_OPTIMIZATION_LEVEL = "-Owholemodule";
				VALIDATE_PRODUCT = YES;
			};
			name = Release;
		};
		923F992C1D91718300D3B787 /* Debug */ = {
			isa = XCBuildConfiguration;
			buildSettings = {
				ASSETCATALOG_COMPILER_APPICON_NAME = AppIcon;
				DEVELOPMENT_TEAM = PRKPCBLSYK;
				INFOPLIST_FILE = "懒加载/Info.plist";
				LD_RUNPATH_SEARCH_PATHS = "$(inherited) @executable_path/Frameworks";
				PRODUCT_BUNDLE_IDENTIFIER = "com.zhangdinghao.---";
				PRODUCT_NAME = "$(TARGET_NAME)";
				SWIFT_VERSION = 3.0;
			};
			name = Debug;
		};
		923F992D1D91718300D3B787 /* Release */ = {
			isa = XCBuildConfiguration;
			buildSettings = {
				ASSETCATALOG_COMPILER_APPICON_NAME = AppIcon;
				DEVELOPMENT_TEAM = PRKPCBLSYK;
				INFOPLIST_FILE = "懒加载/Info.plist";
				LD_RUNPATH_SEARCH_PATHS = "$(inherited) @executable_path/Frameworks";
				PRODUCT_BUNDLE_IDENTIFIER = "com.zhangdinghao.---";
				PRODUCT_NAME = "$(TARGET_NAME)";
				SWIFT_VERSION = 3.0;
			};
			name = Release;
		};
		923F992F1D91718300D3B787 /* Debug */ = {
			isa = XCBuildConfiguration;
			buildSettings = {
				ALWAYS_EMBED_SWIFT_STANDARD_LIBRARIES = YES;
				BUNDLE_LOADER = "$(TEST_HOST)";
				DEVELOPMENT_TEAM = PRKPCBLSYK;
				INFOPLIST_FILE = "懒加载Tests/Info.plist";
				LD_RUNPATH_SEARCH_PATHS = "$(inherited) @executable_path/Frameworks @loader_path/Frameworks";
				PRODUCT_BUNDLE_IDENTIFIER = "com.zhangdinghao.---Tests";
				PRODUCT_NAME = "$(TARGET_NAME)";
				SWIFT_VERSION = 3.0;
				TEST_HOST = "$(BUILT_PRODUCTS_DIR)/懒加载.app/懒加载";
			};
			name = Debug;
		};
		923F99301D91718300D3B787 /* Release */ = {
			isa = XCBuildConfiguration;
			buildSettings = {
				ALWAYS_EMBED_SWIFT_STANDARD_LIBRARIES = YES;
				BUNDLE_LOADER = "$(TEST_HOST)";
				DEVELOPMENT_TEAM = PRKPCBLSYK;
				INFOPLIST_FILE = "懒加载Tests/Info.plist";
				LD_RUNPATH_SEARCH_PATHS = "$(inherited) @executable_path/Frameworks @loader_path/Frameworks";
				PRODUCT_BUNDLE_IDENTIFIER = "com.zhangdinghao.---Tests";
				PRODUCT_NAME = "$(TARGET_NAME)";
				SWIFT_VERSION = 3.0;
				TEST_HOST = "$(BUILT_PRODUCTS_DIR)/懒加载.app/懒加载";
			};
			name = Release;
		};
		923F99321D91718300D3B787 /* Debug */ = {
			isa = XCBuildConfiguration;
			buildSettings = {
				ALWAYS_EMBED_SWIFT_STANDARD_LIBRARIES = YES;
				DEVELOPMENT_TEAM = PRKPCBLSYK;
				INFOPLIST_FILE = "懒加载UITests/Info.plist";
				LD_RUNPATH_SEARCH_PATHS = "$(inherited) @executable_path/Frameworks @loader_path/Frameworks";
				PRODUCT_BUNDLE_IDENTIFIER = "com.zhangdinghao.---UITests";
				PRODUCT_NAME = "$(TARGET_NAME)";
				SWIFT_VERSION = 3.0;
				TEST_TARGET_NAME = "懒加载";
			};
			name = Debug;
		};
		923F99331D91718300D3B787 /* Release */ = {
			isa = XCBuildConfiguration;
			buildSettings = {
				ALWAYS_EMBED_SWIFT_STANDARD_LIBRARIES = YES;
				DEVELOPMENT_TEAM = PRKPCBLSYK;
				INFOPLIST_FILE = "懒加载UITests/Info.plist";
				LD_RUNPATH_SEARCH_PATHS = "$(inherited) @executable_path/Frameworks @loader_path/Frameworks";
				PRODUCT_BUNDLE_IDENTIFIER = "com.zhangdinghao.---UITests";
				PRODUCT_NAME = "$(TARGET_NAME)";
				SWIFT_VERSION = 3.0;
				TEST_TARGET_NAME = "懒加载";
			};
			name = Release;
		};
/* End XCBuildConfiguration section */

/* Begin XCConfigurationList section */
		923F98FE1D91718200D3B787 /* Build configuration list for PBXProject "懒加载" */ = {
			isa = XCConfigurationList;
			buildConfigurations = (
				923F99291D91718300D3B787 /* Debug */,
				923F992A1D91718300D3B787 /* Release */,
			);
			defaultConfigurationIsVisible = 0;
			defaultConfigurationName = Release;
		};
		923F992B1D91718300D3B787 /* Build configuration list for PBXNativeTarget "懒加载" */ = {
			isa = XCConfigurationList;
			buildConfigurations = (
				923F992C1D91718300D3B787 /* Debug */,
				923F992D1D91718300D3B787 /* Release */,
			);
			defaultConfigurationIsVisible = 0;
		};
		923F992E1D91718300D3B787 /* Build configuration list for PBXNativeTarget "懒加载Tests" */ = {
			isa = XCConfigurationList;
			buildConfigurations = (
				923F992F1D91718300D3B787 /* Debug */,
				923F99301D91718300D3B787 /* Release */,
			);
			defaultConfigurationIsVisible = 0;
		};
		923F99311D91718300D3B787 /* Build configuration list for PBXNativeTarget "懒加载UITests" */ = {
			isa = XCConfigurationList;
			buildConfigurations = (
				923F99321D91718300D3B787 /* Debug */,
				923F99331D91718300D3B787 /* Release */,
			);
			defaultConfigurationIsVisible = 0;
		};
/* End XCConfigurationList section */
	};
	rootObject = 923F98FB1D91718200D3B787 /* Project object */;
}
